
Microsoft Visual Studio Solution File, Format Version 12.00
# Visual Studio Version 17
VisualStudioVersion = 17.5.33530.505
MinimumVisualStudioVersion = 10.0.40219.1
Project("{9A19103F-16F7-4668-BE54-9A1E7A4F7556}") = "STCA_WebApp", "STControlAcceso\STCA_WebApp.csproj", "{643FF567-0BF5-4A49-B7F5-A8AB8CF74AE8}"
EndProject
Project("{9A19103F-16F7-4668-BE54-9A1E7A4F7556}") = "STCA_DataLib", "STCA_DataLib\STCA_DataLib.csproj", "{983BE893-C91E-43BB-B61F-8186ACE87278}"
EndProject
Project("{D954291E-2A0B-460D-934E-DC6B0785DB48}") = "Shared", "Shared\Shared.shproj", "{E9EAA4B6-844E-4A9E-A35F-A70FACE87D4D}"
EndProject
Global
	GlobalSection(SolutionConfigurationPlatforms) = preSolution
		Debug|Any CPU = Debug|Any CPU
		Release|Any CPU = Release|Any CPU
	EndGlobalSection
	GlobalSection(ProjectConfigurationPlatforms) = postSolution
		{643FF567-0BF5-4A49-B7F5-A8AB8CF74AE8}.Debug|Any CPU.ActiveCfg = Debug|Any CPU
		{643FF567-0BF5-4A49-B7F5-A8AB8CF74AE8}.Debug|Any CPU.Build.0 = Debug|Any CPU
		{643FF567-0BF5-4A49-B7F5-A8AB8CF74AE8}.Release|Any CPU.ActiveCfg = Release|Any CPU
		{643FF567-0BF5-4A49-B7F5-A8AB8CF74AE8}.Release|Any CPU.Build.0 = Release|Any CPU
		{983BE893-C91E-43BB-B61F-8186ACE87278}.Debug|Any CPU.ActiveCfg = Debug|Any CPU
		{983BE893-C91E-43BB-B61F-8186ACE87278}.Debug|Any CPU.Build.0 = Debug|Any CPU
		{983BE893-C91E-43BB-B61F-8186ACE87278}.Release|Any CPU.ActiveCfg = Release|Any CPU
		{983BE893-C91E-43BB-B61F-8186ACE87278}.Release|Any CPU.Build.0 = Release|Any CPU
	EndGlobalSection
	GlobalSection(SolutionProperties) = preSolution
		HideSolutionNode = FALSE
	EndGlobalSection
	GlobalSection(ExtensibilityGlobals) = postSolution
		SolutionGuid = {8921292D-FC65-4671-BE14-B3E9142D49B6}
	EndGlobalSection
	GlobalSection(SharedMSBuildProjectFiles) = preSolution
		Shared\Shared.projitems*{643ff567-0bf5-4a49-b7f5-a8ab8cf74ae8}*SharedItemsImports = 5
		Shared\Shared.projitems*{e9eaa4b6-844e-4a9e-a35f-a70face87d4d}*SharedItemsImports = 13
	EndGlobalSection
EndGlobal
