
Microsoft Visual Studio Solution File, Format Version 12.00
# Visual Studio Version 17
VisualStudioVersion = 17.5.33530.505
MinimumVisualStudioVersion = 10.0.40219.1
Project("{FAE04EC0-301F-11D3-BF4B-00C04F79EFBC}") = "STCA_WebApp", "STControlAcceso\STCA_WebApp.csproj", "{643FF567-0BF5-4A49-B7F5-A8AB8CF74AE8}"
EndProject
Project("{FAE04EC0-301F-11D3-BF4B-00C04F79EFBC}") = "STCA_DataLib", "STCA_DataLib\STCA_DataLib.csproj", "{983BE893-C91E-43BB-B61F-8186ACE87278}"
EndProject
Global
	GlobalSection(SolutionConfigurationPlatforms) = preSolution
		Debug|Any CPU = Debug|Any CPU
		Release|Any CPU = Release|Any CPU
	EndGlobalSection
	GlobalSection(ProjectConfigurationPlatforms) = postSolution
		{643FF567-0BF5-4A49-B7F5-A8AB8CF74AE8}.Debug|Any CPU.ActiveCfg = Debug|Any CPU
		{643FF567-0BF5-4A49-B7F5-A8AB8CF74AE8}.Debug|Any CPU.Build.0 = Debug|Any CPU
		{643FF567-0BF5-4A49-B7F5-A8AB8CF74AE8}.Release|Any CPU.ActiveCfg = Release|Any CPU
		{643FF567-0BF5-4A49-B7F5-A8AB8CF74AE8}.Release|Any CPU.Build.0 = Release|Any CPU
		{983BE893-C91E-43BB-B61F-8186ACE87278}.Debug|Any CPU.ActiveCfg = Debug|Any CPU
		{983BE893-C91E-43BB-B61F-8186ACE87278}.Debug|Any CPU.Build.0 = Debug|Any CPU
		{983BE893-C91E-43BB-B61F-8186ACE87278}.Release|Any CPU.ActiveCfg = Release|Any CPU
		{983BE893-C91E-43BB-B61F-8186ACE87278}.Release|Any CPU.Build.0 = Release|Any CPU
	EndGlobalSection
	GlobalSection(SolutionProperties) = preSolution
		HideSolutionNode = FALSE
	EndGlobalSection
	GlobalSection(ExtensibilityGlobals) = postSolution
		SolutionGuid = {8921292D-FC65-4671-BE14-B3E9142D49B6}
	EndGlobalSection
EndGlobal
